// !$*UTF8*$!
{
	archiveVersion = 1;
	classes = {
	};
	objectVersion = 51;
	objects = {

/* Begin PBXBuildFile section */
		475B0B27244D82E8001B0AEA /* AppDelegate.m in Sources */ = {isa = PBXBuildFile; fileRef = 475B0B26244D82E8001B0AEA /* AppDelegate.m */; };
		475B0B2A244D82E8001B0AEA /* SceneDelegate.m in Sources */ = {isa = PBXBuildFile; fileRef = 475B0B29244D82E8001B0AEA /* SceneDelegate.m */; };
		475B0B2D244D82E8001B0AEA /* ViewController.m in Sources */ = {isa = PBXBuildFile; fileRef = 475B0B2C244D82E8001B0AEA /* ViewController.m */; };
		475B0B30244D82E8001B0AEA /* Main.storyboard in Resources */ = {isa = PBXBuildFile; fileRef = 475B0B2E244D82E8001B0AEA /* Main.storyboard */; };
		475B0B32244D82EC001B0AEA /* Assets.xcassets in Resources */ = {isa = PBXBuildFile; fileRef = 475B0B31244D82EC001B0AEA /* Assets.xcassets */; };
		475B0B35244D82EC001B0AEA /* LaunchScreen.storyboard in Resources */ = {isa = PBXBuildFile; fileRef = 475B0B33244D82EC001B0AEA /* LaunchScreen.storyboard */; };
		475B0B38244D82EC001B0AEA /* main.m in Sources */ = {isa = PBXBuildFile; fileRef = 475B0B37244D82EC001B0AEA /* main.m */; };
		475B0B40244D8797001B0AEA /* DemoModel.m in Sources */ = {isa = PBXBuildFile; fileRef = 475B0B3F244D8797001B0AEA /* DemoModel.m */; };
		4761E02C24518A2900F5F762 /* RACSignal+MHHTTPServiceAdditions.m in Sources */ = {isa = PBXBuildFile; fileRef = 4761E02B24518A2900F5F762 /* RACSignal+MHHTTPServiceAdditions.m */; };
		4761E02F24518B1500F5F762 /* LRYHTTPResponse.m in Sources */ = {isa = PBXBuildFile; fileRef = 4761E02E24518B1500F5F762 /* LRYHTTPResponse.m */; };
		4764C76B245132F6003D9CBC /* MHHTTPService.m in Sources */ = {isa = PBXBuildFile; fileRef = 4764C769245132F6003D9CBC /* MHHTTPService.m */; };
		4764C76E245133A6003D9CBC /* AFHTTPSessionManager+RACSupport.m in Sources */ = {isa = PBXBuildFile; fileRef = 4764C76C245133A6003D9CBC /* AFHTTPSessionManager+RACSupport.m */; };
		4764C796245177A9003D9CBC /* RACSubscriber+AFProgressCallbacks.m in Sources */ = {isa = PBXBuildFile; fileRef = 4764C794245177A9003D9CBC /* RACSubscriber+AFProgressCallbacks.m */; };
		4764C79E245177EE003D9CBC /* MHURLParameters.m in Sources */ = {isa = PBXBuildFile; fileRef = 4764C798245177EE003D9CBC /* MHURLParameters.m */; };
		4764C79F245177EE003D9CBC /* MHKeyedSubscript.m in Sources */ = {isa = PBXBuildFile; fileRef = 4764C799245177EE003D9CBC /* MHKeyedSubscript.m */; };
		4764C7A0245177EE003D9CBC /* MHHTTPRequest.m in Sources */ = {isa = PBXBuildFile; fileRef = 4764C79D245177EE003D9CBC /* MHHTTPRequest.m */; };
		47914C54245015250000FAC8 /* FriendViewModel.m in Sources */ = {isa = PBXBuildFile; fileRef = 47914C53245015250000FAC8 /* FriendViewModel.m */; };
		47914C5724501C600000FAC8 /* CommentViewModel.m in Sources */ = {isa = PBXBuildFile; fileRef = 47914C5624501C600000FAC8 /* CommentViewModel.m */; };
		47914C5B24501E370000FAC8 /* BaseViewModel.m in Sources */ = {isa = PBXBuildFile; fileRef = 47914C5A24501E370000FAC8 /* BaseViewModel.m */; };
		47914C5E2450355D0000FAC8 /* ReplyItemVIewModel.m in Sources */ = {isa = PBXBuildFile; fileRef = 47914C5D2450355D0000FAC8 /* ReplyItemVIewModel.m */; };
		47914C6224503A960000FAC8 /* CommentModel.m in Sources */ = {isa = PBXBuildFile; fileRef = 47914C6124503A960000FAC8 /* CommentModel.m */; };
		47914C6524503AF00000FAC8 /* UserModel.m in Sources */ = {isa = PBXBuildFile; fileRef = 47914C6424503AF00000FAC8 /* UserModel.m */; };
		47914C6A24503D1F0000FAC8 /* BaseObject.m in Sources */ = {isa = PBXBuildFile; fileRef = 47914C6924503D1F0000FAC8 /* BaseObject.m */; };
		47914C6D24503E7F0000FAC8 /* MHEXTRuntimeExtensions.m in Sources */ = {isa = PBXBuildFile; fileRef = 47914C6C24503E7F0000FAC8 /* MHEXTRuntimeExtensions.m */; };
		47914C70245044400000FAC8 /* MHReflection.m in Sources */ = {isa = PBXBuildFile; fileRef = 47914C6F245044400000FAC8 /* MHReflection.m */; };
		47914C7724504E5A0000FAC8 /* NSObject+MHExtension.m in Sources */ = {isa = PBXBuildFile; fileRef = 47914C7524504E5A0000FAC8 /* NSObject+MHExtension.m */; };
		47914C7F245052C60000FAC8 /* MHConstant.m in Sources */ = {isa = PBXBuildFile; fileRef = 47914C7D245052C60000FAC8 /* MHConstant.m */; };
		47A9BA82244EC60100228981 /* FriendController.m in Sources */ = {isa = PBXBuildFile; fileRef = 47A9BA81244EC60100228981 /* FriendController.m */; };
		47A9BA85244EC9DB00228981 /* ContentCell.m in Sources */ = {isa = PBXBuildFile; fileRef = 47A9BA84244EC9DB00228981 /* ContentCell.m */; };
		47A9BA88244ECA3900228981 /* ContentHeaderView.m in Sources */ = {isa = PBXBuildFile; fileRef = 47A9BA87244ECA3900228981 /* ContentHeaderView.m */; };
		47A9BA8B244ECA5E00228981 /* ContentModel.m in Sources */ = {isa = PBXBuildFile; fileRef = 47A9BA8A244ECA5E00228981 /* ContentModel.m */; };
		47A9BA8E244ECA7700228981 /* ContentHeaderModel.m in Sources */ = {isa = PBXBuildFile; fileRef = 47A9BA8D244ECA7700228981 /* ContentHeaderModel.m */; };
		47A9BA91244ECB2C00228981 /* ContentViewModel.m in Sources */ = {isa = PBXBuildFile; fileRef = 47A9BA90244ECB2C00228981 /* ContentViewModel.m */; };
		47A9BA94244ECB4100228981 /* ContentHeaderViewModel.m in Sources */ = {isa = PBXBuildFile; fileRef = 47A9BA93244ECB4100228981 /* ContentHeaderViewModel.m */; };
		47A9BA97244ED21F00228981 /* LRYViewController.m in Sources */ = {isa = PBXBuildFile; fileRef = 47A9BA96244ED21F00228981 /* LRYViewController.m */; };
		47A9BA9A244ED7CD00228981 /* LRYTableViewModel.m in Sources */ = {isa = PBXBuildFile; fileRef = 47A9BA99244ED7CD00228981 /* LRYTableViewModel.m */; };
		47A9BAA1244EFF5900228981 /* UIScrollView+LRYRefresh.m in Sources */ = {isa = PBXBuildFile; fileRef = 47A9BAA0244EFF5900228981 /* UIScrollView+LRYRefresh.m */; };
		EE7524B9226F96976BFB54F0 /* Pods_yymodelJSON.framework in Frameworks */ = {isa = PBXBuildFile; fileRef = 80405A94E561CDBAB1677F06 /* Pods_yymodelJSON.framework */; };
/* End PBXBuildFile section */

/* Begin PBXFileReference section */
		475B0B22244D82E8001B0AEA /* yymodelJSON.app */ = {isa = PBXFileReference; explicitFileType = wrapper.application; includeInIndex = 0; path = yymodelJSON.app; sourceTree = BUILT_PRODUCTS_DIR; };
		475B0B25244D82E8001B0AEA /* AppDelegate.h */ = {isa = PBXFileReference; lastKnownFileType = sourcecode.c.h; path = AppDelegate.h; sourceTree = "<group>"; };
		475B0B26244D82E8001B0AEA /* AppDelegate.m */ = {isa = PBXFileReference; lastKnownFileType = sourcecode.c.objc; path = AppDelegate.m; sourceTree = "<group>"; };
		475B0B28244D82E8001B0AEA /* SceneDelegate.h */ = {isa = PBXFileReference; lastKnownFileType = sourcecode.c.h; path = SceneDelegate.h; sourceTree = "<group>"; };
		475B0B29244D82E8001B0AEA /* SceneDelegate.m */ = {isa = PBXFileReference; lastKnownFileType = sourcecode.c.objc; path = SceneDelegate.m; sourceTree = "<group>"; };
		475B0B2B244D82E8001B0AEA /* ViewController.h */ = {isa = PBXFileReference; lastKnownFileType = sourcecode.c.h; path = ViewController.h; sourceTree = "<group>"; };
		475B0B2C244D82E8001B0AEA /* ViewController.m */ = {isa = PBXFileReference; lastKnownFileType = sourcecode.c.objc; path = ViewController.m; sourceTree = "<group>"; };
		475B0B2F244D82E8001B0AEA /* Base */ = {isa = PBXFileReference; lastKnownFileType = file.storyboard; name = Base; path = Base.lproj/Main.storyboard; sourceTree = "<group>"; };
		475B0B31244D82EC001B0AEA /* Assets.xcassets */ = {isa = PBXFileReference; lastKnownFileType = folder.assetcatalog; path = Assets.xcassets; sourceTree = "<group>"; };
		475B0B34244D82EC001B0AEA /* Base */ = {isa = PBXFileReference; lastKnownFileType = file.storyboard; name = Base; path = Base.lproj/LaunchScreen.storyboard; sourceTree = "<group>"; };
		475B0B36244D82EC001B0AEA /* Info.plist */ = {isa = PBXFileReference; lastKnownFileType = text.plist.xml; path = Info.plist; sourceTree = "<group>"; };
		475B0B37244D82EC001B0AEA /* main.m */ = {isa = PBXFileReference; lastKnownFileType = sourcecode.c.objc; path = main.m; sourceTree = "<group>"; };
		475B0B3E244D8797001B0AEA /* DemoModel.h */ = {isa = PBXFileReference; lastKnownFileType = sourcecode.c.h; path = DemoModel.h; sourceTree = "<group>"; };
		475B0B3F244D8797001B0AEA /* DemoModel.m */ = {isa = PBXFileReference; lastKnownFileType = sourcecode.c.objc; path = DemoModel.m; sourceTree = "<group>"; };
		4761E0282451896B00F5F762 /* MHViewModelServices.h */ = {isa = PBXFileReference; fileEncoding = 4; lastKnownFileType = sourcecode.c.h; name = MHViewModelServices.h; path = yymodelJSON/Server/MHViewModelServices.h; sourceTree = SOURCE_ROOT; };
		4761E029245189AD00F5F762 /* MHViewModelServices.h */ = {isa = PBXFileReference; fileEncoding = 4; lastKnownFileType = sourcecode.c.h; path = MHViewModelServices.h; sourceTree = "<group>"; };
		4761E02A24518A2900F5F762 /* RACSignal+MHHTTPServiceAdditions.h */ = {isa = PBXFileReference; fileEncoding = 4; lastKnownFileType = sourcecode.c.h; path = "RACSignal+MHHTTPServiceAdditions.h"; sourceTree = "<group>"; };
		4761E02B24518A2900F5F762 /* RACSignal+MHHTTPServiceAdditions.m */ = {isa = PBXFileReference; fileEncoding = 4; lastKnownFileType = sourcecode.c.objc; path = "RACSignal+MHHTTPServiceAdditions.m"; sourceTree = "<group>"; };
		4761E02D24518B1500F5F762 /* LRYHTTPResponse.h */ = {isa = PBXFileReference; lastKnownFileType = sourcecode.c.h; path = LRYHTTPResponse.h; sourceTree = "<group>"; };
		4761E02E24518B1500F5F762 /* LRYHTTPResponse.m */ = {isa = PBXFileReference; lastKnownFileType = sourcecode.c.objc; path = LRYHTTPResponse.m; sourceTree = "<group>"; };
		4764C769245132F6003D9CBC /* MHHTTPService.m */ = {isa = PBXFileReference; fileEncoding = 4; lastKnownFileType = sourcecode.c.objc; path = MHHTTPService.m; sourceTree = "<group>"; };
		4764C76A245132F6003D9CBC /* MHHTTPService.h */ = {isa = PBXFileReference; fileEncoding = 4; lastKnownFileType = sourcecode.c.h; path = MHHTTPService.h; sourceTree = "<group>"; };
		4764C76C245133A6003D9CBC /* AFHTTPSessionManager+RACSupport.m */ = {isa = PBXFileReference; fileEncoding = 4; lastKnownFileType = sourcecode.c.objc; path = "AFHTTPSessionManager+RACSupport.m"; sourceTree = "<group>"; };
		4764C76D245133A6003D9CBC /* AFHTTPSessionManager+RACSupport.h */ = {isa = PBXFileReference; fileEncoding = 4; lastKnownFileType = sourcecode.c.h; path = "AFHTTPSessionManager+RACSupport.h"; sourceTree = "<group>"; };
		4764C794245177A9003D9CBC /* RACSubscriber+AFProgressCallbacks.m */ = {isa = PBXFileReference; fileEncoding = 4; lastKnownFileType = sourcecode.c.objc; path = "RACSubscriber+AFProgressCallbacks.m"; sourceTree = "<group>"; };
		4764C795245177A9003D9CBC /* RACSubscriber+AFProgressCallbacks.h */ = {isa = PBXFileReference; fileEncoding = 4; lastKnownFileType = sourcecode.c.h; path = "RACSubscriber+AFProgressCallbacks.h"; sourceTree = "<group>"; };
		4764C798245177EE003D9CBC /* MHURLParameters.m */ = {isa = PBXFileReference; fileEncoding = 4; lastKnownFileType = sourcecode.c.objc; path = MHURLParameters.m; sourceTree = "<group>"; };
		4764C799245177EE003D9CBC /* MHKeyedSubscript.m */ = {isa = PBXFileReference; fileEncoding = 4; lastKnownFileType = sourcecode.c.objc; path = MHKeyedSubscript.m; sourceTree = "<group>"; };
		4764C79A245177EE003D9CBC /* MHHTTPRequest.h */ = {isa = PBXFileReference; fileEncoding = 4; lastKnownFileType = sourcecode.c.h; path = MHHTTPRequest.h; sourceTree = "<group>"; };
		4764C79B245177EE003D9CBC /* MHURLParameters.h */ = {isa = PBXFileReference; fileEncoding = 4; lastKnownFileType = sourcecode.c.h; path = MHURLParameters.h; sourceTree = "<group>"; };
		4764C79C245177EE003D9CBC /* MHKeyedSubscript.h */ = {isa = PBXFileReference; fileEncoding = 4; lastKnownFileType = sourcecode.c.h; path = MHKeyedSubscript.h; sourceTree = "<group>"; };
		4764C79D245177EE003D9CBC /* MHHTTPRequest.m */ = {isa = PBXFileReference; fileEncoding = 4; lastKnownFileType = sourcecode.c.objc; path = MHHTTPRequest.m; sourceTree = "<group>"; };
		4764C7A124517883003D9CBC /* MHHTTPServiceConstant.h */ = {isa = PBXFileReference; fileEncoding = 4; lastKnownFileType = sourcecode.c.h; path = MHHTTPServiceConstant.h; sourceTree = "<group>"; };
		47914C52245015250000FAC8 /* FriendViewModel.h */ = {isa = PBXFileReference; lastKnownFileType = sourcecode.c.h; path = FriendViewModel.h; sourceTree = "<group>"; };
		47914C53245015250000FAC8 /* FriendViewModel.m */ = {isa = PBXFileReference; lastKnownFileType = sourcecode.c.objc; path = FriendViewModel.m; sourceTree = "<group>"; };
		47914C5524501C600000FAC8 /* CommentViewModel.h */ = {isa = PBXFileReference; lastKnownFileType = sourcecode.c.h; path = CommentViewModel.h; sourceTree = "<group>"; };
		47914C5624501C600000FAC8 /* CommentViewModel.m */ = {isa = PBXFileReference; lastKnownFileType = sourcecode.c.objc; path = CommentViewModel.m; sourceTree = "<group>"; };
		47914C5924501E370000FAC8 /* BaseViewModel.h */ = {isa = PBXFileReference; lastKnownFileType = sourcecode.c.h; path = BaseViewModel.h; sourceTree = "<group>"; };
		47914C5A24501E370000FAC8 /* BaseViewModel.m */ = {isa = PBXFileReference; lastKnownFileType = sourcecode.c.objc; path = BaseViewModel.m; sourceTree = "<group>"; };
		47914C5C2450355D0000FAC8 /* ReplyItemVIewModel.h */ = {isa = PBXFileReference; lastKnownFileType = sourcecode.c.h; path = ReplyItemVIewModel.h; sourceTree = "<group>"; };
		47914C5D2450355D0000FAC8 /* ReplyItemVIewModel.m */ = {isa = PBXFileReference; lastKnownFileType = sourcecode.c.objc; path = ReplyItemVIewModel.m; sourceTree = "<group>"; };
		47914C6024503A960000FAC8 /* CommentModel.h */ = {isa = PBXFileReference; lastKnownFileType = sourcecode.c.h; path = CommentModel.h; sourceTree = "<group>"; };
		47914C6124503A960000FAC8 /* CommentModel.m */ = {isa = PBXFileReference; lastKnownFileType = sourcecode.c.objc; path = CommentModel.m; sourceTree = "<group>"; };
		47914C6324503AF00000FAC8 /* UserModel.h */ = {isa = PBXFileReference; lastKnownFileType = sourcecode.c.h; path = UserModel.h; sourceTree = "<group>"; };
		47914C6424503AF00000FAC8 /* UserModel.m */ = {isa = PBXFileReference; lastKnownFileType = sourcecode.c.objc; path = UserModel.m; sourceTree = "<group>"; };
		47914C6624503B360000FAC8 /* LRYConstEnum.h */ = {isa = PBXFileReference; lastKnownFileType = sourcecode.c.h; path = LRYConstEnum.h; sourceTree = "<group>"; };
		47914C6824503D1F0000FAC8 /* BaseObject.h */ = {isa = PBXFileReference; lastKnownFileType = sourcecode.c.h; path = BaseObject.h; sourceTree = "<group>"; };
		47914C6924503D1F0000FAC8 /* BaseObject.m */ = {isa = PBXFileReference; lastKnownFileType = sourcecode.c.objc; path = BaseObject.m; sourceTree = "<group>"; };
		47914C6B24503E7F0000FAC8 /* MHEXTRuntimeExtensions.h */ = {isa = PBXFileReference; fileEncoding = 4; lastKnownFileType = sourcecode.c.h; path = MHEXTRuntimeExtensions.h; sourceTree = "<group>"; };
		47914C6C24503E7F0000FAC8 /* MHEXTRuntimeExtensions.m */ = {isa = PBXFileReference; fileEncoding = 4; lastKnownFileType = sourcecode.c.objc; path = MHEXTRuntimeExtensions.m; sourceTree = "<group>"; };
		47914C6E245044400000FAC8 /* MHReflection.h */ = {isa = PBXFileReference; fileEncoding = 4; lastKnownFileType = sourcecode.c.h; path = MHReflection.h; sourceTree = "<group>"; };
		47914C6F245044400000FAC8 /* MHReflection.m */ = {isa = PBXFileReference; fileEncoding = 4; lastKnownFileType = sourcecode.c.objc; path = MHReflection.m; sourceTree = "<group>"; };
		47914C7224504E5A0000FAC8 /* NSObject+MH.h */ = {isa = PBXFileReference; fileEncoding = 4; lastKnownFileType = sourcecode.c.h; path = "NSObject+MH.h"; sourceTree = "<group>"; };
		47914C7324504E5A0000FAC8 /* NSObject+MHExtension.h */ = {isa = PBXFileReference; fileEncoding = 4; lastKnownFileType = sourcecode.c.h; path = "NSObject+MHExtension.h"; sourceTree = "<group>"; };
		47914C7524504E5A0000FAC8 /* NSObject+MHExtension.m */ = {isa = PBXFileReference; fileEncoding = 4; lastKnownFileType = sourcecode.c.objc; path = "NSObject+MHExtension.m"; sourceTree = "<group>"; };
		47914C7D245052C60000FAC8 /* MHConstant.m */ = {isa = PBXFileReference; fileEncoding = 4; lastKnownFileType = sourcecode.c.objc; path = MHConstant.m; sourceTree = "<group>"; };
		47914C7E245052C60000FAC8 /* MHConstant.h */ = {isa = PBXFileReference; fileEncoding = 4; lastKnownFileType = sourcecode.c.h; path = MHConstant.h; sourceTree = "<group>"; };
		47914C802450588C0000FAC8 /* MHConstInline.h */ = {isa = PBXFileReference; fileEncoding = 4; lastKnownFileType = sourcecode.c.h; path = MHConstInline.h; sourceTree = "<group>"; };
		47A9BA80244EC60100228981 /* FriendController.h */ = {isa = PBXFileReference; lastKnownFileType = sourcecode.c.h; path = FriendController.h; sourceTree = "<group>"; };
		47A9BA81244EC60100228981 /* FriendController.m */ = {isa = PBXFileReference; lastKnownFileType = sourcecode.c.objc; path = FriendController.m; sourceTree = "<group>"; };
		47A9BA83244EC9DB00228981 /* ContentCell.h */ = {isa = PBXFileReference; lastKnownFileType = sourcecode.c.h; path = ContentCell.h; sourceTree = "<group>"; };
		47A9BA84244EC9DB00228981 /* ContentCell.m */ = {isa = PBXFileReference; lastKnownFileType = sourcecode.c.objc; path = ContentCell.m; sourceTree = "<group>"; };
		47A9BA86244ECA3900228981 /* ContentHeaderView.h */ = {isa = PBXFileReference; lastKnownFileType = sourcecode.c.h; path = ContentHeaderView.h; sourceTree = "<group>"; };
		47A9BA87244ECA3900228981 /* ContentHeaderView.m */ = {isa = PBXFileReference; lastKnownFileType = sourcecode.c.objc; path = ContentHeaderView.m; sourceTree = "<group>"; };
		47A9BA89244ECA5E00228981 /* ContentModel.h */ = {isa = PBXFileReference; lastKnownFileType = sourcecode.c.h; path = ContentModel.h; sourceTree = "<group>"; };
		47A9BA8A244ECA5E00228981 /* ContentModel.m */ = {isa = PBXFileReference; lastKnownFileType = sourcecode.c.objc; path = ContentModel.m; sourceTree = "<group>"; };
		47A9BA8C244ECA7700228981 /* ContentHeaderModel.h */ = {isa = PBXFileReference; lastKnownFileType = sourcecode.c.h; path = ContentHeaderModel.h; sourceTree = "<group>"; };
		47A9BA8D244ECA7700228981 /* ContentHeaderModel.m */ = {isa = PBXFileReference; lastKnownFileType = sourcecode.c.objc; path = ContentHeaderModel.m; sourceTree = "<group>"; };
		47A9BA8F244ECB2C00228981 /* ContentViewModel.h */ = {isa = PBXFileReference; lastKnownFileType = sourcecode.c.h; path = ContentViewModel.h; sourceTree = "<group>"; };
		47A9BA90244ECB2C00228981 /* ContentViewModel.m */ = {isa = PBXFileReference; lastKnownFileType = sourcecode.c.objc; path = ContentViewModel.m; sourceTree = "<group>"; };
		47A9BA92244ECB4100228981 /* ContentHeaderViewModel.h */ = {isa = PBXFileReference; lastKnownFileType = sourcecode.c.h; path = ContentHeaderViewModel.h; sourceTree = "<group>"; };
		47A9BA93244ECB4100228981 /* ContentHeaderViewModel.m */ = {isa = PBXFileReference; lastKnownFileType = sourcecode.c.objc; path = ContentHeaderViewModel.m; sourceTree = "<group>"; };
		47A9BA95244ED21F00228981 /* LRYViewController.h */ = {isa = PBXFileReference; lastKnownFileType = sourcecode.c.h; path = LRYViewController.h; sourceTree = "<group>"; };
		47A9BA96244ED21F00228981 /* LRYViewController.m */ = {isa = PBXFileReference; lastKnownFileType = sourcecode.c.objc; path = LRYViewController.m; sourceTree = "<group>"; };
		47A9BA98244ED7CD00228981 /* LRYTableViewModel.h */ = {isa = PBXFileReference; lastKnownFileType = sourcecode.c.h; path = LRYTableViewModel.h; sourceTree = "<group>"; };
		47A9BA99244ED7CD00228981 /* LRYTableViewModel.m */ = {isa = PBXFileReference; lastKnownFileType = sourcecode.c.objc; path = LRYTableViewModel.m; sourceTree = "<group>"; };
		47A9BA9C244EE4A800228981 /* LRYMacros.h */ = {isa = PBXFileReference; lastKnownFileType = sourcecode.c.h; path = LRYMacros.h; sourceTree = "<group>"; };
		47A9BA9F244EFF5900228981 /* UIScrollView+LRYRefresh.h */ = {isa = PBXFileReference; lastKnownFileType = sourcecode.c.h; path = "UIScrollView+LRYRefresh.h"; sourceTree = "<group>"; };
		47A9BAA0244EFF5900228981 /* UIScrollView+LRYRefresh.m */ = {isa = PBXFileReference; lastKnownFileType = sourcecode.c.objc; path = "UIScrollView+LRYRefresh.m"; sourceTree = "<group>"; };
		80405A94E561CDBAB1677F06 /* Pods_yymodelJSON.framework */ = {isa = PBXFileReference; explicitFileType = wrapper.framework; includeInIndex = 0; path = Pods_yymodelJSON.framework; sourceTree = BUILT_PRODUCTS_DIR; };
		EB67576CEAF287265F60EF3D /* Pods-yymodelJSON.debug.xcconfig */ = {isa = PBXFileReference; includeInIndex = 1; lastKnownFileType = text.xcconfig; name = "Pods-yymodelJSON.debug.xcconfig"; path = "Target Support Files/Pods-yymodelJSON/Pods-yymodelJSON.debug.xcconfig"; sourceTree = "<group>"; };
		EE1851526108A219245CC1E2 /* Pods-yymodelJSON.release.xcconfig */ = {isa = PBXFileReference; includeInIndex = 1; lastKnownFileType = text.xcconfig; name = "Pods-yymodelJSON.release.xcconfig"; path = "Target Support Files/Pods-yymodelJSON/Pods-yymodelJSON.release.xcconfig"; sourceTree = "<group>"; };
/* End PBXFileReference section */

/* Begin PBXFrameworksBuildPhase section */
		475B0B1F244D82E8001B0AEA /* Frameworks */ = {
			isa = PBXFrameworksBuildPhase;
			buildActionMask = 2147483647;
			files = (
				EE7524B9226F96976BFB54F0 /* Pods_yymodelJSON.framework in Frameworks */,
			);
			runOnlyForDeploymentPostprocessing = 0;
		};
/* End PBXFrameworksBuildPhase section */

/* Begin PBXGroup section */
		475B0B19244D82E8001B0AEA = {
			isa = PBXGroup;
			children = (
				475B0B24244D82E8001B0AEA /* yymodelJSON */,
				475B0B23244D82E8001B0AEA /* Products */,
				864354E63D7A0D3B4D3FF56D /* Pods */,
				59235A6C49CAC78AEC7F5E21 /* Frameworks */,
			);
			sourceTree = "<group>";
		};
		475B0B23244D82E8001B0AEA /* Products */ = {
			isa = PBXGroup;
			children = (
				475B0B22244D82E8001B0AEA /* yymodelJSON.app */,
			);
			name = Products;
			sourceTree = "<group>";
		};
		475B0B24244D82E8001B0AEA /* yymodelJSON */ = {
			isa = PBXGroup;
			children = (
				4764C768245132C9003D9CBC /* Server */,
				47914C7124504E5A0000FAC8 /* NSObject */,
				47A9BA9D244EFD9F00228981 /* Extension */,
				47A9BA9B244EE49100228981 /* Macros */,
				47A9BA7F244EC57D00228981 /* VIewModel */,
				47A9BA7E244EC57500228981 /* View */,
				47A9BA7D244EC56400228981 /* Model */,
				475B0B25244D82E8001B0AEA /* AppDelegate.h */,
				475B0B26244D82E8001B0AEA /* AppDelegate.m */,
				475B0B28244D82E8001B0AEA /* SceneDelegate.h */,
				475B0B29244D82E8001B0AEA /* SceneDelegate.m */,
				475B0B2B244D82E8001B0AEA /* ViewController.h */,
				475B0B2C244D82E8001B0AEA /* ViewController.m */,
				475B0B3E244D8797001B0AEA /* DemoModel.h */,
				475B0B3F244D8797001B0AEA /* DemoModel.m */,
				475B0B2E244D82E8001B0AEA /* Main.storyboard */,
				475B0B31244D82EC001B0AEA /* Assets.xcassets */,
				475B0B33244D82EC001B0AEA /* LaunchScreen.storyboard */,
				475B0B36244D82EC001B0AEA /* Info.plist */,
				475B0B37244D82EC001B0AEA /* main.m */,
			);
			path = yymodelJSON;
			sourceTree = "<group>";
		};
		4764C768245132C9003D9CBC /* Server */ = {
			isa = PBXGroup;
			children = (
				4761E029245189AD00F5F762 /* MHViewModelServices.h */,
				4761E02D24518B1500F5F762 /* LRYHTTPResponse.h */,
				4761E02E24518B1500F5F762 /* LRYHTTPResponse.m */,
				4764C797245177EE003D9CBC /* Request */,
				4764C795245177A9003D9CBC /* RACSubscriber+AFProgressCallbacks.h */,
				4764C794245177A9003D9CBC /* RACSubscriber+AFProgressCallbacks.m */,
				4764C76D245133A6003D9CBC /* AFHTTPSessionManager+RACSupport.h */,
				4764C76C245133A6003D9CBC /* AFHTTPSessionManager+RACSupport.m */,
				4764C76A245132F6003D9CBC /* MHHTTPService.h */,
				4764C769245132F6003D9CBC /* MHHTTPService.m */,
			);
			path = Server;
			sourceTree = "<group>";
		};
		4764C797245177EE003D9CBC /* Request */ = {
			isa = PBXGroup;
			children = (
				4764C7A124517883003D9CBC /* MHHTTPServiceConstant.h */,
				4764C798245177EE003D9CBC /* MHURLParameters.m */,
				4764C799245177EE003D9CBC /* MHKeyedSubscript.m */,
				4764C79A245177EE003D9CBC /* MHHTTPRequest.h */,
				4764C79B245177EE003D9CBC /* MHURLParameters.h */,
				4764C79C245177EE003D9CBC /* MHKeyedSubscript.h */,
				4764C79D245177EE003D9CBC /* MHHTTPRequest.m */,
			);
			path = Request;
			sourceTree = "<group>";
		};
		47914C5824501E0D0000FAC8 /* Base */ = {
			isa = PBXGroup;
			children = (
				47914C5924501E370000FAC8 /* BaseViewModel.h */,
				47914C5A24501E370000FAC8 /* BaseViewModel.m */,
			);
			path = Base;
			sourceTree = "<group>";
		};
		47914C5F24503A840000FAC8 /* Comment */ = {
			isa = PBXGroup;
			children = (
				47914C6024503A960000FAC8 /* CommentModel.h */,
				47914C6124503A960000FAC8 /* CommentModel.m */,
			);
			path = Comment;
			sourceTree = "<group>";
		};
		47914C6724503CA90000FAC8 /* BaseModel */ = {
			isa = PBXGroup;
			children = (
				47914C6E245044400000FAC8 /* MHReflection.h */,
				47914C6F245044400000FAC8 /* MHReflection.m */,
				47914C6B24503E7F0000FAC8 /* MHEXTRuntimeExtensions.h */,
				47914C6C24503E7F0000FAC8 /* MHEXTRuntimeExtensions.m */,
				47914C6824503D1F0000FAC8 /* BaseObject.h */,
				47914C6924503D1F0000FAC8 /* BaseObject.m */,
			);
			path = BaseModel;
			sourceTree = "<group>";
		};
		47914C7124504E5A0000FAC8 /* NSObject */ = {
			isa = PBXGroup;
			children = (
				4761E0282451896B00F5F762 /* MHViewModelServices.h */,
				47914C7224504E5A0000FAC8 /* NSObject+MH.h */,
				47914C7324504E5A0000FAC8 /* NSObject+MHExtension.h */,
				47914C7524504E5A0000FAC8 /* NSObject+MHExtension.m */,
			);
			path = NSObject;
			sourceTree = "<group>";
		};
		47A9BA7D244EC56400228981 /* Model */ = {
			isa = PBXGroup;
			children = (
				47914C6724503CA90000FAC8 /* BaseModel */,
				47A9BA89244ECA5E00228981 /* ContentModel.h */,
				47A9BA8A244ECA5E00228981 /* ContentModel.m */,
				47A9BA8C244ECA7700228981 /* ContentHeaderModel.h */,
				47A9BA8D244ECA7700228981 /* ContentHeaderModel.m */,
				47914C6324503AF00000FAC8 /* UserModel.h */,
				47914C6424503AF00000FAC8 /* UserModel.m */,
				47914C5F24503A840000FAC8 /* Comment */,
			);
			path = Model;
			sourceTree = "<group>";
		};
		47A9BA7E244EC57500228981 /* View */ = {
			isa = PBXGroup;
			children = (
				47A9BA95244ED21F00228981 /* LRYViewController.h */,
				47A9BA96244ED21F00228981 /* LRYViewController.m */,
				47A9BA80244EC60100228981 /* FriendController.h */,
				47A9BA81244EC60100228981 /* FriendController.m */,
				47A9BA83244EC9DB00228981 /* ContentCell.h */,
				47A9BA84244EC9DB00228981 /* ContentCell.m */,
				47A9BA86244ECA3900228981 /* ContentHeaderView.h */,
				47A9BA87244ECA3900228981 /* ContentHeaderView.m */,
			);
			path = View;
			sourceTree = "<group>";
		};
		47A9BA7F244EC57D00228981 /* VIewModel */ = {
			isa = PBXGroup;
			children = (
				47914C5824501E0D0000FAC8 /* Base */,
				47A9BA8F244ECB2C00228981 /* ContentViewModel.h */,
				47A9BA90244ECB2C00228981 /* ContentViewModel.m */,
				47A9BA92244ECB4100228981 /* ContentHeaderViewModel.h */,
				47A9BA93244ECB4100228981 /* ContentHeaderViewModel.m */,
				47A9BA98244ED7CD00228981 /* LRYTableViewModel.h */,
				47A9BA99244ED7CD00228981 /* LRYTableViewModel.m */,
				47914C5524501C600000FAC8 /* CommentViewModel.h */,
				47914C5624501C600000FAC8 /* CommentViewModel.m */,
				47914C52245015250000FAC8 /* FriendViewModel.h */,
				47914C53245015250000FAC8 /* FriendViewModel.m */,
				47914C5C2450355D0000FAC8 /* ReplyItemVIewModel.h */,
				47914C5D2450355D0000FAC8 /* ReplyItemVIewModel.m */,
			);
			path = VIewModel;
			sourceTree = "<group>";
		};
		47A9BA9B244EE49100228981 /* Macros */ = {
			isa = PBXGroup;
			children = (
				47914C802450588C0000FAC8 /* MHConstInline.h */,
				47914C7E245052C60000FAC8 /* MHConstant.h */,
				47914C7D245052C60000FAC8 /* MHConstant.m */,
				47A9BA9C244EE4A800228981 /* LRYMacros.h */,
				47914C6624503B360000FAC8 /* LRYConstEnum.h */,
			);
			path = Macros;
			sourceTree = "<group>";
		};
		47A9BA9D244EFD9F00228981 /* Extension */ = {
			isa = PBXGroup;
			children = (
				4761E02A24518A2900F5F762 /* RACSignal+MHHTTPServiceAdditions.h */,
				4761E02B24518A2900F5F762 /* RACSignal+MHHTTPServiceAdditions.m */,
				47A9BA9F244EFF5900228981 /* UIScrollView+LRYRefresh.h */,
				47A9BAA0244EFF5900228981 /* UIScrollView+LRYRefresh.m */,
			);
			path = Extension;
			sourceTree = "<group>";
		};
		59235A6C49CAC78AEC7F5E21 /* Frameworks */ = {
			isa = PBXGroup;
			children = (
				80405A94E561CDBAB1677F06 /* Pods_yymodelJSON.framework */,
			);
			name = Frameworks;
			sourceTree = "<group>";
		};
		864354E63D7A0D3B4D3FF56D /* Pods */ = {
			isa = PBXGroup;
			children = (
				EB67576CEAF287265F60EF3D /* Pods-yymodelJSON.debug.xcconfig */,
				EE1851526108A219245CC1E2 /* Pods-yymodelJSON.release.xcconfig */,
			);
			path = Pods;
			sourceTree = "<group>";
		};
/* End PBXGroup section */

/* Begin PBXNativeTarget section */
		475B0B21244D82E8001B0AEA /* yymodelJSON */ = {
			isa = PBXNativeTarget;
			buildConfigurationList = 475B0B3B244D82EC001B0AEA /* Build configuration list for PBXNativeTarget "yymodelJSON" */;
			buildPhases = (
				DEB544645E344831BA07B247 /* [CP] Check Pods Manifest.lock */,
				475B0B1E244D82E8001B0AEA /* Sources */,
				475B0B1F244D82E8001B0AEA /* Frameworks */,
				475B0B20244D82E8001B0AEA /* Resources */,
				5FE13B18BA5438A24F3C9DF9 /* [CP] Embed Pods Frameworks */,
			);
			buildRules = (
			);
			dependencies = (
			);
			name = yymodelJSON;
			productName = yymodelJSON;
			productReference = 475B0B22244D82E8001B0AEA /* yymodelJSON.app */;
			productType = "com.apple.product-type.application";
		};
/* End PBXNativeTarget section */

/* Begin PBXProject section */
		475B0B1A244D82E8001B0AEA /* Project object */ = {
			isa = PBXProject;
			attributes = {
				LastUpgradeCheck = 1140;
				ORGANIZATIONNAME = 6renyou;
				TargetAttributes = {
					475B0B21244D82E8001B0AEA = {
						CreatedOnToolsVersion = 11.4.1;
					};
				};
			};
			buildConfigurationList = 475B0B1D244D82E8001B0AEA /* Build configuration list for PBXProject "yymodelJSON" */;
			compatibilityVersion = "Xcode 9.3";
			developmentRegion = en;
			hasScannedForEncodings = 0;
			knownRegions = (
				en,
				Base,
			);
			mainGroup = 475B0B19244D82E8001B0AEA;
			productRefGroup = 475B0B23244D82E8001B0AEA /* Products */;
			projectDirPath = "";
			projectRoot = "";
			targets = (
				475B0B21244D82E8001B0AEA /* yymodelJSON */,
			);
		};
/* End PBXProject section */

/* Begin PBXResourcesBuildPhase section */
		475B0B20244D82E8001B0AEA /* Resources */ = {
			isa = PBXResourcesBuildPhase;
			buildActionMask = 2147483647;
			files = (
				475B0B35244D82EC001B0AEA /* LaunchScreen.storyboard in Resources */,
				475B0B32244D82EC001B0AEA /* Assets.xcassets in Resources */,
				475B0B30244D82E8001B0AEA /* Main.storyboard in Resources */,
			);
			runOnlyForDeploymentPostprocessing = 0;
		};
/* End PBXResourcesBuildPhase section */

/* Begin PBXShellScriptBuildPhase section */
		5FE13B18BA5438A24F3C9DF9 /* [CP] Embed Pods Frameworks */ = {
			isa = PBXShellScriptBuildPhase;
			buildActionMask = 2147483647;
			files = (
			);
			inputFileListPaths = (
				"${PODS_ROOT}/Target Support Files/Pods-yymodelJSON/Pods-yymodelJSON-frameworks-${CONFIGURATION}-input-files.xcfilelist",
			);
			name = "[CP] Embed Pods Frameworks";
			outputFileListPaths = (
				"${PODS_ROOT}/Target Support Files/Pods-yymodelJSON/Pods-yymodelJSON-frameworks-${CONFIGURATION}-output-files.xcfilelist",
			);
			runOnlyForDeploymentPostprocessing = 0;
			shellPath = /bin/sh;
			shellScript = "\"${PODS_ROOT}/Target Support Files/Pods-yymodelJSON/Pods-yymodelJSON-frameworks.sh\"\n";
			showEnvVarsInLog = 0;
		};
		DEB544645E344831BA07B247 /* [CP] Check Pods Manifest.lock */ = {
			isa = PBXShellScriptBuildPhase;
			buildActionMask = 2147483647;
			files = (
			);
			inputFileListPaths = (
			);
			inputPaths = (
				"${PODS_PODFILE_DIR_PATH}/Podfile.lock",
				"${PODS_ROOT}/Manifest.lock",
			);
			name = "[CP] Check Pods Manifest.lock";
			outputFileListPaths = (
			);
			outputPaths = (
				"$(DERIVED_FILE_DIR)/Pods-yymodelJSON-checkManifestLockResult.txt",
			);
			runOnlyForDeploymentPostprocessing = 0;
			shellPath = /bin/sh;
			shellScript = "diff \"${PODS_PODFILE_DIR_PATH}/Podfile.lock\" \"${PODS_ROOT}/Manifest.lock\" > /dev/null\nif [ $? != 0 ] ; then\n    # print error to STDERR\n    echo \"error: The sandbox is not in sync with the Podfile.lock. Run 'pod install' or update your CocoaPods installation.\" >&2\n    exit 1\nfi\n# This output is used by Xcode 'outputs' to avoid re-running this script phase.\necho \"SUCCESS\" > \"${SCRIPT_OUTPUT_FILE_0}\"\n";
			showEnvVarsInLog = 0;
		};
/* End PBXShellScriptBuildPhase section */

/* Begin PBXSourcesBuildPhase section */
		475B0B1E244D82E8001B0AEA /* Sources */ = {
			isa = PBXSourcesBuildPhase;
			buildActionMask = 2147483647;
			files = (
				47914C54245015250000FAC8 /* FriendViewModel.m in Sources */,
				47914C70245044400000FAC8 /* MHReflection.m in Sources */,
				47914C6224503A960000FAC8 /* CommentModel.m in Sources */,
				47914C6524503AF00000FAC8 /* UserModel.m in Sources */,
				4764C79E245177EE003D9CBC /* MHURLParameters.m in Sources */,
				4764C76E245133A6003D9CBC /* AFHTTPSessionManager+RACSupport.m in Sources */,
				475B0B2D244D82E8001B0AEA /* ViewController.m in Sources */,
				47A9BA85244EC9DB00228981 /* ContentCell.m in Sources */,
				4761E02C24518A2900F5F762 /* RACSignal+MHHTTPServiceAdditions.m in Sources */,
				4764C7A0245177EE003D9CBC /* MHHTTPRequest.m in Sources */,
				47A9BA8B244ECA5E00228981 /* ContentModel.m in Sources */,
				47A9BA91244ECB2C00228981 /* ContentViewModel.m in Sources */,
				4761E02F24518B1500F5F762 /* LRYHTTPResponse.m in Sources */,
				4764C76B245132F6003D9CBC /* MHHTTPService.m in Sources */,
				4764C796245177A9003D9CBC /* RACSubscriber+AFProgressCallbacks.m in Sources */,
				47914C6A24503D1F0000FAC8 /* BaseObject.m in Sources */,
				47A9BA82244EC60100228981 /* FriendController.m in Sources */,
				47A9BA9A244ED7CD00228981 /* LRYTableViewModel.m in Sources */,
				47914C5E2450355D0000FAC8 /* ReplyItemVIewModel.m in Sources */,
				47A9BA8E244ECA7700228981 /* ContentHeaderModel.m in Sources */,
				475B0B27244D82E8001B0AEA /* AppDelegate.m in Sources */,
				47914C5724501C600000FAC8 /* CommentViewModel.m in Sources */,
				4764C79F245177EE003D9CBC /* MHKeyedSubscript.m in Sources */,
				47A9BAA1244EFF5900228981 /* UIScrollView+LRYRefresh.m in Sources */,
				47A9BA94244ECB4100228981 /* ContentHeaderViewModel.m in Sources */,
				475B0B38244D82EC001B0AEA /* main.m in Sources */,
				47914C5B24501E370000FAC8 /* BaseViewModel.m in Sources */,
				47A9BA97244ED21F00228981 /* LRYViewController.m in Sources */,
				47A9BA88244ECA3900228981 /* ContentHeaderView.m in Sources */,
				47914C6D24503E7F0000FAC8 /* MHEXTRuntimeExtensions.m in Sources */,
				47914C7F245052C60000FAC8 /* MHConstant.m in Sources */,
				475B0B40244D8797001B0AEA /* DemoModel.m in Sources */,
				47914C7724504E5A0000FAC8 /* NSObject+MHExtension.m in Sources */,
				475B0B2A244D82E8001B0AEA /* SceneDelegate.m in Sources */,
			);
			runOnlyForDeploymentPostprocessing = 0;
		};
/* End PBXSourcesBuildPhase section */

/* Begin PBXVariantGroup section */
		475B0B2E244D82E8001B0AEA /* Main.storyboard */ = {
			isa = PBXVariantGroup;
			children = (
				475B0B2F244D82E8001B0AEA /* Base */,
			);
			name = Main.storyboard;
			sourceTree = "<group>";
		};
		475B0B33244D82EC001B0AEA /* LaunchScreen.storyboard */ = {
			isa = PBXVariantGroup;
			children = (
				475B0B34244D82EC001B0AEA /* Base */,
			);
			name = LaunchScreen.storyboard;
			sourceTree = "<group>";
		};
/* End PBXVariantGroup section */

/* Begin XCBuildConfiguration section */
		475B0B39244D82EC001B0AEA /* Debug */ = {
			isa = XCBuildConfiguration;
			buildSettings = {
				ALWAYS_SEARCH_USER_PATHS = NO;
				CLANG_ANALYZER_NONNULL = YES;
				CLANG_ANALYZER_NUMBER_OBJECT_CONVERSION = YES_AGGRESSIVE;
				CLANG_CXX_LANGUAGE_STANDARD = "gnu++14";
				CLANG_CXX_LIBRARY = "libc++";
				CLANG_ENABLE_MODULES = YES;
				CLANG_ENABLE_OBJC_ARC = YES;
				CLANG_ENABLE_OBJC_WEAK = YES;
				CLANG_WARN_BLOCK_CAPTURE_AUTORELEASING = YES;
				CLANG_WARN_BOOL_CONVERSION = YES;
				CLANG_WARN_COMMA = YES;
				CLANG_WARN_CONSTANT_CONVERSION = YES;
				CLANG_WARN_DEPRECATED_OBJC_IMPLEMENTATIONS = YES;
				CLANG_WARN_DIRECT_OBJC_ISA_USAGE = YES_ERROR;
				CLANG_WARN_DOCUMENTATION_COMMENTS = YES;
				CLANG_WARN_EMPTY_BODY = YES;
				CLANG_WARN_ENUM_CONVERSION = YES;
				CLANG_WARN_INFINITE_RECURSION = YES;
				CLANG_WARN_INT_CONVERSION = YES;
				CLANG_WARN_NON_LITERAL_NULL_CONVERSION = YES;
				CLANG_WARN_OBJC_IMPLICIT_RETAIN_SELF = YES;
				CLANG_WARN_OBJC_LITERAL_CONVERSION = YES;
				CLANG_WARN_OBJC_ROOT_CLASS = YES_ERROR;
				CLANG_WARN_RANGE_LOOP_ANALYSIS = YES;
				CLANG_WARN_STRICT_PROTOTYPES = YES;
				CLANG_WARN_SUSPICIOUS_MOVE = YES;
				CLANG_WARN_UNGUARDED_AVAILABILITY = YES_AGGRESSIVE;
				CLANG_WARN_UNREACHABLE_CODE = YES;
				CLANG_WARN__DUPLICATE_METHOD_MATCH = YES;
				COPY_PHASE_STRIP = NO;
				DEBUG_INFORMATION_FORMAT = dwarf;
				ENABLE_STRICT_OBJC_MSGSEND = YES;
				ENABLE_TESTABILITY = YES;
				GCC_C_LANGUAGE_STANDARD = gnu11;
				GCC_DYNAMIC_NO_PIC = NO;
				GCC_NO_COMMON_BLOCKS = YES;
				GCC_OPTIMIZATION_LEVEL = 0;
				GCC_PREPROCESSOR_DEFINITIONS = (
					"DEBUG=1",
					"$(inherited)",
				);
				GCC_WARN_64_TO_32_BIT_CONVERSION = YES;
				GCC_WARN_ABOUT_RETURN_TYPE = YES_ERROR;
				GCC_WARN_UNDECLARED_SELECTOR = YES;
				GCC_WARN_UNINITIALIZED_AUTOS = YES_AGGRESSIVE;
				GCC_WARN_UNUSED_FUNCTION = YES;
				GCC_WARN_UNUSED_VARIABLE = YES;
				IPHONEOS_DEPLOYMENT_TARGET = 13.4;
				MTL_ENABLE_DEBUG_INFO = INCLUDE_SOURCE;
				MTL_FAST_MATH = YES;
				ONLY_ACTIVE_ARCH = YES;
				SDKROOT = iphoneos;
			};
			name = Debug;
		};
		475B0B3A244D82EC001B0AEA /* Release */ = {
			isa = XCBuildConfiguration;
			buildSettings = {
				ALWAYS_SEARCH_USER_PATHS = NO;
				CLANG_ANALYZER_NONNULL = YES;
				CLANG_ANALYZER_NUMBER_OBJECT_CONVERSION = YES_AGGRESSIVE;
				CLANG_CXX_LANGUAGE_STANDARD = "gnu++14";
				CLANG_CXX_LIBRARY = "libc++";
				CLANG_ENABLE_MODULES = YES;
				CLANG_ENABLE_OBJC_ARC = YES;
				CLANG_ENABLE_OBJC_WEAK = YES;
				CLANG_WARN_BLOCK_CAPTURE_AUTORELEASING = YES;
				CLANG_WARN_BOOL_CONVERSION = YES;
				CLANG_WARN_COMMA = YES;
				CLANG_WARN_CONSTANT_CONVERSION = YES;
				CLANG_WARN_DEPRECATED_OBJC_IMPLEMENTATIONS = YES;
				CLANG_WARN_DIRECT_OBJC_ISA_USAGE = YES_ERROR;
				CLANG_WARN_DOCUMENTATION_COMMENTS = YES;
				CLANG_WARN_EMPTY_BODY = YES;
				CLANG_WARN_ENUM_CONVERSION = YES;
				CLANG_WARN_INFINITE_RECURSION = YES;
				CLANG_WARN_INT_CONVERSION = YES;
				CLANG_WARN_NON_LITERAL_NULL_CONVERSION = YES;
				CLANG_WARN_OBJC_IMPLICIT_RETAIN_SELF = YES;
				CLANG_WARN_OBJC_LITERAL_CONVERSION = YES;
				CLANG_WARN_OBJC_ROOT_CLASS = YES_ERROR;
				CLANG_WARN_RANGE_LOOP_ANALYSIS = YES;
				CLANG_WARN_STRICT_PROTOTYPES = YES;
				CLANG_WARN_SUSPICIOUS_MOVE = YES;
				CLANG_WARN_UNGUARDED_AVAILABILITY = YES_AGGRESSIVE;
				CLANG_WARN_UNREACHABLE_CODE = YES;
				CLANG_WARN__DUPLICATE_METHOD_MATCH = YES;
				COPY_PHASE_STRIP = NO;
				DEBUG_INFORMATION_FORMAT = "dwarf-with-dsym";
				ENABLE_NS_ASSERTIONS = NO;
				ENABLE_STRICT_OBJC_MSGSEND = YES;
				GCC_C_LANGUAGE_STANDARD = gnu11;
				GCC_NO_COMMON_BLOCKS = YES;
				GCC_WARN_64_TO_32_BIT_CONVERSION = YES;
				GCC_WARN_ABOUT_RETURN_TYPE = YES_ERROR;
				GCC_WARN_UNDECLARED_SELECTOR = YES;
				GCC_WARN_UNINITIALIZED_AUTOS = YES_AGGRESSIVE;
				GCC_WARN_UNUSED_FUNCTION = YES;
				GCC_WARN_UNUSED_VARIABLE = YES;
				IPHONEOS_DEPLOYMENT_TARGET = 13.4;
				MTL_ENABLE_DEBUG_INFO = NO;
				MTL_FAST_MATH = YES;
				SDKROOT = iphoneos;
				VALIDATE_PRODUCT = YES;
			};
			name = Release;
		};
		475B0B3C244D82EC001B0AEA /* Debug */ = {
			isa = XCBuildConfiguration;
			baseConfigurationReference = EB67576CEAF287265F60EF3D /* Pods-yymodelJSON.debug.xcconfig */;
			buildSettings = {
				ASSETCATALOG_COMPILER_APPICON_NAME = AppIcon;
				CODE_SIGN_STYLE = Automatic;
				DEVELOPMENT_TEAM = 3FE282F7EN;
				INFOPLIST_FILE = yymodelJSON/Info.plist;
				LD_RUNPATH_SEARCH_PATHS = (
					"$(inherited)",
					"@executable_path/Frameworks",
				);
				PRODUCT_BUNDLE_IDENTIFIER = com.6renyou.yymodelJSON;
				PRODUCT_NAME = "$(TARGET_NAME)";
				TARGETED_DEVICE_FAMILY = "1,2";
			};
			name = Debug;
		};
		475B0B3D244D82EC001B0AEA /* Release */ = {
			isa = XCBuildConfiguration;
			baseConfigurationReference = EE1851526108A219245CC1E2 /* Pods-yymodelJSON.release.xcconfig */;
			buildSettings = {
				ASSETCATALOG_COMPILER_APPICON_NAME = AppIcon;
				CODE_SIGN_STYLE = Automatic;
				DEVELOPMENT_TEAM = 3FE282F7EN;
				INFOPLIST_FILE = yymodelJSON/Info.plist;
				LD_RUNPATH_SEARCH_PATHS = (
					"$(inherited)",
					"@executable_path/Frameworks",
				);
				PRODUCT_BUNDLE_IDENTIFIER = com.6renyou.yymodelJSON;
				PRODUCT_NAME = "$(TARGET_NAME)";
				TARGETED_DEVICE_FAMILY = "1,2";
			};
			name = Release;
		};
/* End XCBuildConfiguration section */

/* Begin XCConfigurationList section */
		475B0B1D244D82E8001B0AEA /* Build configuration list for PBXProject "yymodelJSON" */ = {
			isa = XCConfigurationList;
			buildConfigurations = (
				475B0B39244D82EC001B0AEA /* Debug */,
				475B0B3A244D82EC001B0AEA /* Release */,
			);
			defaultConfigurationIsVisible = 0;
			defaultConfigurationName = Release;
		};
		475B0B3B244D82EC001B0AEA /* Build configuration list for PBXNativeTarget "yymodelJSON" */ = {
			isa = XCConfigurationList;
			buildConfigurations = (
				475B0B3C244D82EC001B0AEA /* Debug */,
				475B0B3D244D82EC001B0AEA /* Release */,
			);
			defaultConfigurationIsVisible = 0;
			defaultConfigurationName = Release;
		};
/* End XCConfigurationList section */
	};
	rootObject = 475B0B1A244D82E8001B0AEA /* Project object */;
}
